
Microsoft Visual Studio Solution File, Format Version 12.00
# Visual Studio Express 2012 for Windows Desktop
Project("{FAE04EC0-301F-11D3-BF4B-00C04F79EFBC}") = "Lesson_Animation", "Lesson_Animation\Lesson_Animation.csproj", "{2149BA8C-A4CA-498D-B55A-B828088197DB}"
EndProject
Global
	GlobalSection(SolutionConfigurationPlatforms) = preSolution
		Debug|Any CPU = Debug|Any CPU
		Release|Any CPU = Release|Any CPU
	EndGlobalSection
	GlobalSection(ProjectConfigurationPlatforms) = postSolution
		{2149BA8C-A4CA-498D-B55A-B828088197DB}.Debug|Any CPU.ActiveCfg = Debug|Any CPU
		{2149BA8C-A4CA-498D-B55A-B828088197DB}.Debug|Any CPU.Build.0 = Debug|Any CPU
		{2149BA8C-A4CA-498D-B55A-B828088197DB}.Release|Any CPU.ActiveCfg = Release|Any CPU
		{2149BA8C-A4CA-498D-B55A-B828088197DB}.Release|Any CPU.Build.0 = Release|Any CPU
	EndGlobalSection
	GlobalSection(SolutionProperties) = preSolution
		HideSolutionNode = FALSE
	EndGlobalSection
EndGlobal
